
Microsoft Visual Studio Solution File, Format Version 12.00
# Visual Studio Version 17
VisualStudioVersion = 17.11.35327.3
MinimumVisualStudioVersion = 10.0.40219.1
Project("{FAE04EC0-301F-11D3-BF4B-00C04F79EFBC}") = "Assignment_1_2", "Assignment_1_2.csproj", "{046C3D93-3DE5-49B3-A52C-C8081E590FF6}"
EndProject
Global
	GlobalSection(SolutionConfigurationPlatforms) = preSolution
		Debug|Any CPU = Debug|Any CPU
		Release|Any CPU = Release|Any CPU
	EndGlobalSection
	GlobalSection(ProjectConfigurationPlatforms) = postSolution
		{046C3D93-3DE5-49B3-A52C-C8081E590FF6}.Debug|Any CPU.ActiveCfg = Debug|Any CPU
		{046C3D93-3DE5-49B3-A52C-C8081E590FF6}.Debug|Any CPU.Build.0 = Debug|Any CPU
		{046C3D93-3DE5-49B3-A52C-C8081E590FF6}.Release|Any CPU.ActiveCfg = Release|Any CPU
		{046C3D93-3DE5-49B3-A52C-C8081E590FF6}.Release|Any CPU.Build.0 = Release|Any CPU
	EndGlobalSection
	GlobalSection(SolutionProperties) = preSolution
		HideSolutionNode = FALSE
	EndGlobalSection
	GlobalSection(ExtensibilityGlobals) = postSolution
		SolutionGuid = {B5A13677-8C58-4635-9ED2-6751972F6F46}
	EndGlobalSection
EndGlobal
